
Microsoft Visual Studio Solution File, Format Version 12.00
# Visual Studio Version 17
VisualStudioVersion = 17.11.35327.3
MinimumVisualStudioVersion = 10.0.40219.1
Project("{9A19103F-16F7-4668-BE54-9A1E7A4F7556}") = "odevList", "odevList.csproj", "{E2107AF4-31AA-41A4-9D3A-BA000939E9DE}"
EndProject
Global
	GlobalSection(SolutionConfigurationPlatforms) = preSolution
		Debug|Any CPU = Debug|Any CPU
		Release|Any CPU = Release|Any CPU
	EndGlobalSection
	GlobalSection(ProjectConfigurationPlatforms) = postSolution
		{E2107AF4-31AA-41A4-9D3A-BA000939E9DE}.Debug|Any CPU.ActiveCfg = Debug|Any CPU
		{E2107AF4-31AA-41A4-9D3A-BA000939E9DE}.Debug|Any CPU.Build.0 = Debug|Any CPU
		{E2107AF4-31AA-41A4-9D3A-BA000939E9DE}.Release|Any CPU.ActiveCfg = Release|Any CPU
		{E2107AF4-31AA-41A4-9D3A-BA000939E9DE}.Release|Any CPU.Build.0 = Release|Any CPU
	EndGlobalSection
	GlobalSection(SolutionProperties) = preSolution
		HideSolutionNode = FALSE
	EndGlobalSection
	GlobalSection(ExtensibilityGlobals) = postSolution
		SolutionGuid = {FE795ED9-173F-43C4-B7CB-ACB9FA6749F8}
	EndGlobalSection
EndGlobal
